
Microsoft Visual Studio Solution File, Format Version 12.00
# Visual Studio Version 16
VisualStudioVersion = 16.0.29613.14
MinimumVisualStudioVersion = 10.0.40219.1
Project("{FAE04EC0-301F-11D3-BF4B-00C04F79EFBC}") = "WorkManagement", "WorkManagement\WorkManagement.csproj", "{58C84255-CA08-4426-854A-FF3771E1348A}"
EndProject
Project("{FAE04EC0-301F-11D3-BF4B-00C04F79EFBC}") = "Data", "Data\Data.csproj", "{2BE024C2-E017-437D-B51B-426110819518}"
EndProject
Project("{FAE04EC0-301F-11D3-BF4B-00C04F79EFBC}") = "Service", "Service\Service.csproj", "{F24650EB-E395-47B0-A34F-0FCF4E4167D0}"
EndProject
Global
	GlobalSection(SolutionConfigurationPlatforms) = preSolution
		Debug|Any CPU = Debug|Any CPU
		Release|Any CPU = Release|Any CPU
	EndGlobalSection
	GlobalSection(ProjectConfigurationPlatforms) = postSolution
		{58C84255-CA08-4426-854A-FF3771E1348A}.Debug|Any CPU.ActiveCfg = Debug|Any CPU
		{58C84255-CA08-4426-854A-FF3771E1348A}.Debug|Any CPU.Build.0 = Debug|Any CPU
		{58C84255-CA08-4426-854A-FF3771E1348A}.Release|Any CPU.ActiveCfg = Release|Any CPU
		{58C84255-CA08-4426-854A-FF3771E1348A}.Release|Any CPU.Build.0 = Release|Any CPU
		{2BE024C2-E017-437D-B51B-426110819518}.Debug|Any CPU.ActiveCfg = Debug|Any CPU
		{2BE024C2-E017-437D-B51B-426110819518}.Debug|Any CPU.Build.0 = Debug|Any CPU
		{2BE024C2-E017-437D-B51B-426110819518}.Release|Any CPU.ActiveCfg = Release|Any CPU
		{2BE024C2-E017-437D-B51B-426110819518}.Release|Any CPU.Build.0 = Release|Any CPU
		{F24650EB-E395-47B0-A34F-0FCF4E4167D0}.Debug|Any CPU.ActiveCfg = Debug|Any CPU
		{F24650EB-E395-47B0-A34F-0FCF4E4167D0}.Debug|Any CPU.Build.0 = Debug|Any CPU
		{F24650EB-E395-47B0-A34F-0FCF4E4167D0}.Release|Any CPU.ActiveCfg = Release|Any CPU
		{F24650EB-E395-47B0-A34F-0FCF4E4167D0}.Release|Any CPU.Build.0 = Release|Any CPU
	EndGlobalSection
	GlobalSection(SolutionProperties) = preSolution
		HideSolutionNode = FALSE
	EndGlobalSection
	GlobalSection(ExtensibilityGlobals) = postSolution
		SolutionGuid = {4B610CAC-3A70-4570-AAE2-4E74F2CE6C80}
	EndGlobalSection
EndGlobal
